
Microsoft Visual Studio Solution File, Format Version 12.00
# Visual Studio Version 16
VisualStudioVersion = 16.0.30002.166
MinimumVisualStudioVersion = 10.0.40219.1
Project("{FAE04EC0-301F-11D3-BF4B-00C04F79EFBC}") = "BlazorServerIdentity", "BlazorServerIdentity\BlazorServerIdentity.csproj", "{AD0B7F00-0969-450E-A6C1-3896BF35F0A2}"
EndProject
Global
	GlobalSection(SolutionConfigurationPlatforms) = preSolution
		Debug|Any CPU = Debug|Any CPU
		Release|Any CPU = Release|Any CPU
	EndGlobalSection
	GlobalSection(ProjectConfigurationPlatforms) = postSolution
		{AD0B7F00-0969-450E-A6C1-3896BF35F0A2}.Debug|Any CPU.ActiveCfg = Debug|Any CPU
		{AD0B7F00-0969-450E-A6C1-3896BF35F0A2}.Debug|Any CPU.Build.0 = Debug|Any CPU
		{AD0B7F00-0969-450E-A6C1-3896BF35F0A2}.Release|Any CPU.ActiveCfg = Release|Any CPU
		{AD0B7F00-0969-450E-A6C1-3896BF35F0A2}.Release|Any CPU.Build.0 = Release|Any CPU
	EndGlobalSection
	GlobalSection(SolutionProperties) = preSolution
		HideSolutionNode = FALSE
	EndGlobalSection
	GlobalSection(ExtensibilityGlobals) = postSolution
		SolutionGuid = {320FCAC0-985F-47B3-B321-CA2D12705FC9}
	EndGlobalSection
EndGlobal
